{
  "lockfileVersion": 1,
  "workspaces": {
    "": {
      "name": "svelte-in-production",
      "devDependencies": {
        "@types/bun": "^1.2.22",
        "@types/node": "^24.5.2",
        "lefthook": "^1.7.13",
        "typescript": "^5.9.2",
        "zod": "^4.1.9",
      },
    },
  },
  "packages": {
    "@types/bun": ["@types/bun@1.2.22", "", { "dependencies": { "bun-types": "1.2.22" } }, "sha512-5A/KrKos2ZcN0c6ljRSOa1fYIyCKhZfIVYeuyb4snnvomnpFqC0tTsEkdqNxbAgExV384OETQ//WAjl3XbYqQA=="],

    "@types/node": ["@types/node@24.5.2", "", { "dependencies": { "undici-types": "~7.12.0" } }, "sha512-FYxk1I7wPv3K2XBaoyH2cTnocQEu8AOZ60hPbsyukMPLv5/5qr7V1i8PLHdl6Zf87I+xZXFvPCXYjiTFq+YSDQ=="],

    "@types/react": ["@types/react@19.1.13", "", { "dependencies": { "csstype": "^3.0.2" } }, "sha512-hHkbU/eoO3EG5/MZkuFSKmYqPbSVk5byPFa3e7y/8TybHiLMACgI8seVYlicwk7H5K/rI2px9xrQp/C+AUDTiQ=="],

    "bun-types": ["bun-types@1.2.22", "", { "dependencies": { "@types/node": "*" }, "peerDependencies": { "@types/react": "^19" } }, "sha512-hwaAu8tct/Zn6Zft4U9BsZcXkYomzpHJX28ofvx7k0Zz2HNz54n1n+tDgxoWFGB4PcFvJXJQloPhaV2eP3Q6EA=="],

    "csstype": ["csstype@3.1.3", "", {}, "sha512-M1uQkMl8rQK/szD0LNhtqxIPLpimGm8sOBwU7lLnCpSbTyY3yeU1Vc7l4KT5zT4s/yOxHH5O7tIuuLOCnLADRw=="],

    "lefthook": ["lefthook@1.13.1", "", { "optionalDependencies": { "lefthook-darwin-arm64": "1.13.1", "lefthook-darwin-x64": "1.13.1", "lefthook-freebsd-arm64": "1.13.1", "lefthook-freebsd-x64": "1.13.1", "lefthook-linux-arm64": "1.13.1", "lefthook-linux-x64": "1.13.1", "lefthook-openbsd-arm64": "1.13.1", "lefthook-openbsd-x64": "1.13.1", "lefthook-windows-arm64": "1.13.1", "lefthook-windows-x64": "1.13.1" }, "bin": { "lefthook": "bin/index.js" } }, "sha512-zPtBnDI86o2Xoe61tr+0r8ebLVek/aEKF77gA+V5C7zi4Of1CY6FFHx0Gzazzj9JfTCq9SWtUv1halWSWMPAQQ=="],

    "lefthook-darwin-arm64": ["lefthook-darwin-arm64@1.13.1", "", { "os": "darwin", "cpu": "arm64" }, "sha512-bMD34zeaKTtA5DAAIs910bUN5agCsZbzIwPnqA5Zvbm9igvbCkRerc5bAOCYcMUzleXA54g5hdDnDNwSwAo+JQ=="],

    "lefthook-darwin-x64": ["lefthook-darwin-x64@1.13.1", "", { "os": "darwin", "cpu": "x64" }, "sha512-eOv25Scxxu/dgWg/o0QkIMcYHmBrL6ffozeHRDHUC2N0n0eAvp9FpexoJ+Mm7+VQVPCnQumjIvyUNLRqlEAcyg=="],

    "lefthook-freebsd-arm64": ["lefthook-freebsd-arm64@1.13.1", "", { "os": "freebsd", "cpu": "arm64" }, "sha512-Hzw2E+zX1/GseCrJS1b1i9oj6JhM2+MFOysCUmMYl8x0yDphxepJXr3wH8bNXENtuVN0Om1IWdZC+6p6+ZY8zw=="],

    "lefthook-freebsd-x64": ["lefthook-freebsd-x64@1.13.1", "", { "os": "freebsd", "cpu": "x64" }, "sha512-H1T4A6auTBEQY0uWh5E7LDTPa5I9ALfubNHVsiE3XzwRjwu3PazCY9zPCTbdI8ww9JOV6T9A7Mow2GewoHWBUQ=="],

    "lefthook-linux-arm64": ["lefthook-linux-arm64@1.13.1", "", { "os": "linux", "cpu": "arm64" }, "sha512-3vNxmRma1ykaG+rpxjKytvxSj6Kl9f/W19Qjdi+BFVu2LueMY5AGPs1oXpDjled7Y7c3WL4XLtQ+xPFHl8z9Sw=="],

    "lefthook-linux-x64": ["lefthook-linux-x64@1.13.1", "", { "os": "linux", "cpu": "x64" }, "sha512-vitul4TY/4RCiH90XDcWZT/XItfHeCuzlt/Ex3dF2ZToEgXzQti8qWG1i9QhSaunu0X/7KIWLlHV9q5uymNBsQ=="],

    "lefthook-openbsd-arm64": ["lefthook-openbsd-arm64@1.13.1", "", { "os": "openbsd", "cpu": "arm64" }, "sha512-3TDbaxWiqDuA6a+IuAOh64CiTsyVsnTgQDF8u+STH81RYs70a1g2XHKRGxPMhJMLigy7TEk5z3FUkiKw4pofWQ=="],

    "lefthook-openbsd-x64": ["lefthook-openbsd-x64@1.13.1", "", { "os": "openbsd", "cpu": "x64" }, "sha512-0mP/wtzdPliwRHQNPSCYbIc+6KCWLNWp/HHRCpurwrWJ6z4mab3ctemghhTkHj+0ZDSO0kM66Awygq86JnOwIA=="],

    "lefthook-windows-arm64": ["lefthook-windows-arm64@1.13.1", "", { "os": "win32", "cpu": "arm64" }, "sha512-6wrUZOC1SGsp9riO3dILPzoMkjOSpYIyojbU+jUdlMwCfSMGR5jrFlzRTEyrEoawFhGk3+KnFPYbOdlp8LWPkw=="],

    "lefthook-windows-x64": ["lefthook-windows-x64@1.13.1", "", { "os": "win32", "cpu": "x64" }, "sha512-K/abjvUqtazOjXtrqKz+O+J+D/lZqvrjuWO9gLCbDKbzV13IwqvE+eIJ7TXCAwqp3/MN2r2pwpL83t17fxshBA=="],

    "typescript": ["typescript@5.9.2", "", { "bin": { "tsc": "bin/tsc", "tsserver": "bin/tsserver" } }, "sha512-CWBzXQrc/qOkhidw1OzBTQuYRbfyxDXJMVJ1XNwUHGROVmuaeiEm3OslpZ1RV96d7SKKjZKrSJu3+t/xlw3R9A=="],

    "undici-types": ["undici-types@7.12.0", "", {}, "sha512-goOacqME2GYyOZZfb5Lgtu+1IDmAlAEu5xnD3+xTzS10hT0vzpf0SPjkXwAw9Jm+4n/mQGDP3LO8CPbYROeBfQ=="],

    "zod": ["zod@4.1.9", "", {}, "sha512-HI32jTq0AUAC125z30E8bQNz0RQ+9Uc+4J7V97gLYjZVKRjeydPgGt6dvQzFrav7MYOUGFqqOGiHpA/fdbd0cQ=="],
  }
}
